
Microsoft Visual Studio Solution File, Format Version 12.00
# Visual Studio 15
VisualStudioVersion = 15.0.27130.2027
MinimumVisualStudioVersion = 10.0.40219.1
Project("{2150E333-8FDC-42A3-9474-1A3956D46DE8}") = "tests", "tests", "{1C446484-3C19-4357-90F0-24F5348A24CE}"
EndProject
Project("{9A19103F-16F7-4668-BE54-9A1E7A4F7556}") = "AspNetCoreGettingStarted.IntegrationTests", "test\AspNetCoreGettingStarted.IntegrationTests\AspNetCoreGettingStarted.IntegrationTests.csproj", "{CE47DAFA-1CEC-4354-A623-53E4F882EC57}"
EndProject
Project("{9A19103F-16F7-4668-BE54-9A1E7A4F7556}") = "AspNetCoreGettingStarted.UnitTests", "test\AspNetCoreGettingStarted.UnitTests\AspNetCoreGettingStarted.UnitTests.csproj", "{B16766AF-3B0B-474F-B43C-8755129AB8B2}"
EndProject
Project("{9A19103F-16F7-4668-BE54-9A1E7A4F7556}") = "AspNetCoreGettingStarted", "src\AspNetCoreGettingStarted\AspNetCoreGettingStarted.csproj", "{F9DF622B-EA24-417C-8802-4C9E5FA29140}"
EndProject
Project("{9A19103F-16F7-4668-BE54-9A1E7A4F7556}") = "AspNetCoreGettingStarted.Tests.Utilities", "test\AspNetCoreGettingStarted.Tests.Utilities\AspNetCoreGettingStarted.Tests.Utilities.csproj", "{CD9FB1E1-CAFD-4E66-97A8-D11B22385E16}"
EndProject
Global
	GlobalSection(SolutionConfigurationPlatforms) = preSolution
		Debug|Any CPU = Debug|Any CPU
		Release|Any CPU = Release|Any CPU
	EndGlobalSection
	GlobalSection(ProjectConfigurationPlatforms) = postSolution
		{CE47DAFA-1CEC-4354-A623-53E4F882EC57}.Debug|Any CPU.ActiveCfg = Debug|Any CPU
		{CE47DAFA-1CEC-4354-A623-53E4F882EC57}.Debug|Any CPU.Build.0 = Debug|Any CPU
		{CE47DAFA-1CEC-4354-A623-53E4F882EC57}.Release|Any CPU.ActiveCfg = Release|Any CPU
		{CE47DAFA-1CEC-4354-A623-53E4F882EC57}.Release|Any CPU.Build.0 = Release|Any CPU
		{B16766AF-3B0B-474F-B43C-8755129AB8B2}.Debug|Any CPU.ActiveCfg = Debug|Any CPU
		{B16766AF-3B0B-474F-B43C-8755129AB8B2}.Debug|Any CPU.Build.0 = Debug|Any CPU
		{B16766AF-3B0B-474F-B43C-8755129AB8B2}.Release|Any CPU.ActiveCfg = Release|Any CPU
		{B16766AF-3B0B-474F-B43C-8755129AB8B2}.Release|Any CPU.Build.0 = Release|Any CPU
		{F9DF622B-EA24-417C-8802-4C9E5FA29140}.Debug|Any CPU.ActiveCfg = Debug|Any CPU
		{F9DF622B-EA24-417C-8802-4C9E5FA29140}.Debug|Any CPU.Build.0 = Debug|Any CPU
		{F9DF622B-EA24-417C-8802-4C9E5FA29140}.Release|Any CPU.ActiveCfg = Release|Any CPU
		{F9DF622B-EA24-417C-8802-4C9E5FA29140}.Release|Any CPU.Build.0 = Release|Any CPU
		{CD9FB1E1-CAFD-4E66-97A8-D11B22385E16}.Debug|Any CPU.ActiveCfg = Debug|Any CPU
		{CD9FB1E1-CAFD-4E66-97A8-D11B22385E16}.Debug|Any CPU.Build.0 = Debug|Any CPU
		{CD9FB1E1-CAFD-4E66-97A8-D11B22385E16}.Release|Any CPU.ActiveCfg = Release|Any CPU
		{CD9FB1E1-CAFD-4E66-97A8-D11B22385E16}.Release|Any CPU.Build.0 = Release|Any CPU
	EndGlobalSection
	GlobalSection(SolutionProperties) = preSolution
		HideSolutionNode = FALSE
	EndGlobalSection
	GlobalSection(NestedProjects) = preSolution
		{CE47DAFA-1CEC-4354-A623-53E4F882EC57} = {1C446484-3C19-4357-90F0-24F5348A24CE}
		{B16766AF-3B0B-474F-B43C-8755129AB8B2} = {1C446484-3C19-4357-90F0-24F5348A24CE}
		{CD9FB1E1-CAFD-4E66-97A8-D11B22385E16} = {1C446484-3C19-4357-90F0-24F5348A24CE}
	EndGlobalSection
	GlobalSection(ExtensibilityGlobals) = postSolution
		SolutionGuid = {59643AF4-141E-499E-8C65-3D00CBC96198}
	EndGlobalSection
EndGlobal
